// !$*UTF8*$!
{
	archiveVersion = 1;
	classes = {
	};
	objectVersion = 52;
	objects = {

/* Begin PBXBuildFile section */
		060782B2250CE27700A87020 /* AppDelegate.swift in Sources */ = {isa = PBXBuildFile; fileRef = 060782B1250CE27700A87020 /* AppDelegate.swift */; };
		060782B4250CE27700A87020 /* SceneDelegate.swift in Sources */ = {isa = PBXBuildFile; fileRef = 060782B3250CE27700A87020 /* SceneDelegate.swift */; };
		060782BB250CE27A00A87020 /* Assets.xcassets in Resources */ = {isa = PBXBuildFile; fileRef = 060782BA250CE27A00A87020 /* Assets.xcassets */; };
		060782BE250CE27A00A87020 /* LaunchScreen.storyboard in Resources */ = {isa = PBXBuildFile; fileRef = 060782BC250CE27A00A87020 /* LaunchScreen.storyboard */; };
		060782C6250CEB0A00A87020 /* InfoViewController.swift in Sources */ = {isa = PBXBuildFile; fileRef = 060782C5250CEB0A00A87020 /* InfoViewController.swift */; };
		060782C8250CEE5D00A87020 /* PostViewController.swift in Sources */ = {isa = PBXBuildFile; fileRef = 060782C7250CEE5D00A87020 /* PostViewController.swift */; };
		0D6A54A4276FB7450051B19E /* GoogleService-Info.plist in Resources */ = {isa = PBXBuildFile; fileRef = 0D6A54A3276FB7450051B19E /* GoogleService-Info.plist */; };
		0DA2CB8028A5BCFE00FE86FF /* AuthModel.swift in Sources */ = {isa = PBXBuildFile; fileRef = 0DA2CB7F28A5BCFE00FE86FF /* AuthModel.swift */; };
		C32CA0D426C476E900DCBAAE /* String + Chars.swift in Sources */ = {isa = PBXBuildFile; fileRef = C32CA0D326C476E900DCBAAE /* String + Chars.swift */; };
		C33B2B3326CAE96B00CFD40F /* FeedViewController.swift in Sources */ = {isa = PBXBuildFile; fileRef = C33B2B3226CAE96B00CFD40F /* FeedViewController.swift */; };
		C33B2B3E26CC599D00CFD40F /* NetworkManager.swift in Sources */ = {isa = PBXBuildFile; fileRef = C33B2B3D26CC599D00CFD40F /* NetworkManager.swift */; };
		C33B2B4426D6E3B400CFD40F /* MainCoordinator.swift in Sources */ = {isa = PBXBuildFile; fileRef = C33B2B4326D6E3B400CFD40F /* MainCoordinator.swift */; };
		C33B2B4A26DAA0F100CFD40F /* FeedCoordinator.swift in Sources */ = {isa = PBXBuildFile; fileRef = C33B2B4926DAA0F100CFD40F /* FeedCoordinator.swift */; };
		C33B2B4E26DAC51900CFD40F /* LoginCoordinator.swift in Sources */ = {isa = PBXBuildFile; fileRef = C33B2B4D26DAC51900CFD40F /* LoginCoordinator.swift */; };
		C33B2B6126DD712A00CFD40F /* Task.swift in Sources */ = {isa = PBXBuildFile; fileRef = C33B2B6026DD712A00CFD40F /* Task.swift */; };
		C33B2B6526DD7C6200CFD40F /* Constants.swift in Sources */ = {isa = PBXBuildFile; fileRef = C33B2B6426DD7C6200CFD40F /* Constants.swift */; };
		C33B2B6826DD7F6100CFD40F /* Planet.swift in Sources */ = {isa = PBXBuildFile; fileRef = C33B2B6726DD7F6100CFD40F /* Planet.swift */; };
		C349F283267E27EA002E64E5 /* iOSIntPackage in Frameworks */ = {isa = PBXBuildFile; productRef = C349F282267E27EA002E64E5 /* iOSIntPackage */; };
		C35A0A5925FD68AC00F0BB15 /* UIView + Support Functions.swift in Sources */ = {isa = PBXBuildFile; fileRef = C35A0A5825FD68AC00F0BB15 /* UIView + Support Functions.swift */; };
		C35A0A5C25FEB16400F0BB15 /* PhotosViewController.swift in Sources */ = {isa = PBXBuildFile; fileRef = C35A0A5B25FEB16400F0BB15 /* PhotosViewController.swift */; };
		C35A0A5F26014C2500F0BB15 /* PhotosCollectionViewCell.swift in Sources */ = {isa = PBXBuildFile; fileRef = C35A0A5E26014C2500F0BB15 /* PhotosCollectionViewCell.swift */; };
		C368285525F97B7F00FBE667 /* PhotosTableViewCell.swift in Sources */ = {isa = PBXBuildFile; fileRef = C368285425F97B7F00FBE667 /* PhotosTableViewCell.swift */; };
		C381F57726973F7700E24790 /* MyTextField.swift in Sources */ = {isa = PBXBuildFile; fileRef = C381F57626973F7700E24790 /* MyTextField.swift */; };
		C391B34826E3C66600D7D7DA /* ProfileViewModel.swift in Sources */ = {isa = PBXBuildFile; fileRef = C391B34726E3C66600D7D7DA /* ProfileViewModel.swift */; };
		C391B34E26E3F24100D7D7DA /* ControllerFactory.swift in Sources */ = {isa = PBXBuildFile; fileRef = C391B34D26E3F24100D7D7DA /* ControllerFactory.swift */; };
		C3A694CF26BB2E7E00EAAFBA /* BrutForcer.swift in Sources */ = {isa = PBXBuildFile; fileRef = C3A694CE26BB2E7E00EAAFBA /* BrutForcer.swift */; };
		C3B65B0D2685377D0058268C /* StorageService.h in Headers */ = {isa = PBXBuildFile; fileRef = C3B65B0B2685377D0058268C /* StorageService.h */; settings = {ATTRIBUTES = (Public, ); }; };
		C3B65B102685377D0058268C /* StorageService.framework in Frameworks */ = {isa = PBXBuildFile; fileRef = C3B65B092685377D0058268C /* StorageService.framework */; };
		C3B65B112685377D0058268C /* StorageService.framework in Embed Frameworks */ = {isa = PBXBuildFile; fileRef = C3B65B092685377D0058268C /* StorageService.framework */; settings = {ATTRIBUTES = (CodeSignOnCopy, RemoveHeadersOnCopy, ); }; };
		C3B65B30268759320058268C /* PostData.swift in Sources */ = {isa = PBXBuildFile; fileRef = C3B65B192685379C0058268C /* PostData.swift */; };
		C3B65B34268759E70058268C /* User.swift in Sources */ = {isa = PBXBuildFile; fileRef = C3B65B33268759E70058268C /* User.swift */; };
		C3B65B37268799640058268C /* UserService.swift in Sources */ = {isa = PBXBuildFile; fileRef = C3B65B36268799640058268C /* UserService.swift */; };
		C3B65B41268A7DD20058268C /* LoginChecker.swift in Sources */ = {isa = PBXBuildFile; fileRef = C3B65B40268A7DD20058268C /* LoginChecker.swift */; };
		C3B65B44268B30230058268C /* LoginInspector.swift in Sources */ = {isa = PBXBuildFile; fileRef = C3B65B43268B30230058268C /* LoginInspector.swift */; };
		C3B65B47268FB7600058268C /* LoginFactory.swift in Sources */ = {isa = PBXBuildFile; fileRef = C3B65B46268FB7600058268C /* LoginFactory.swift */; };
		C3B65B532693A7050058268C /* MyButton.swift in Sources */ = {isa = PBXBuildFile; fileRef = C3B65B522693A7050058268C /* MyButton.swift */; };
		C3C92C4E25C3551900B8A89D /* LogInViewController.swift in Sources */ = {isa = PBXBuildFile; fileRef = C3C92C4D25C3551900B8A89D /* LogInViewController.swift */; };
		C3C92C5D25C8B05500B8A89D /* PostTableViewCell.swift in Sources */ = {isa = PBXBuildFile; fileRef = C3C92C5C25C8B05500B8A89D /* PostTableViewCell.swift */; };
		C3CE4795269796110000BCC5 /* Model.swift in Sources */ = {isa = PBXBuildFile; fileRef = C3CE4794269796110000BCC5 /* Model.swift */; };
		C3CE47992699EA6B0000BCC5 /* TabBarController.swift in Sources */ = {isa = PBXBuildFile; fileRef = C3CE47982699EA6B0000BCC5 /* TabBarController.swift */; };
		C3F4434325B325F7000FBEDA /* ProfileHeaderView.swift in Sources */ = {isa = PBXBuildFile; fileRef = C3F4434225B325F7000FBEDA /* ProfileHeaderView.swift */; };
		C3F4434625B32622000FBEDA /* ProfileViewController.swift in Sources */ = {isa = PBXBuildFile; fileRef = C3F4434525B32622000FBEDA /* ProfileViewController.swift */; };
		FD1459D0338E724015907796 /* Pods_Navigation.framework in Frameworks */ = {isa = PBXBuildFile; fileRef = 6D977D90EF307DC3B46951C1 /* Pods_Navigation.framework */; };
/* End PBXBuildFile section */

/* Begin PBXContainerItemProxy section */
		C3B65B0E2685377D0058268C /* PBXContainerItemProxy */ = {
			isa = PBXContainerItemProxy;
			containerPortal = 060782A6250CE27700A87020 /* Project object */;
			proxyType = 1;
			remoteGlobalIDString = C3B65B082685377D0058268C;
			remoteInfo = StorageService;
		};
/* End PBXContainerItemProxy section */

/* Begin PBXCopyFilesBuildPhase section */
		C3B65B122685377D0058268C /* Embed Frameworks */ = {
			isa = PBXCopyFilesBuildPhase;
			buildActionMask = 2147483647;
			dstPath = "";
			dstSubfolderSpec = 10;
			files = (
				C3B65B112685377D0058268C /* StorageService.framework in Embed Frameworks */,
			);
			name = "Embed Frameworks";
			runOnlyForDeploymentPostprocessing = 0;
		};
/* End PBXCopyFilesBuildPhase section */

/* Begin PBXFileReference section */
		060782AE250CE27700A87020 /* Navigation.app */ = {isa = PBXFileReference; explicitFileType = wrapper.application; includeInIndex = 0; path = Navigation.app; sourceTree = BUILT_PRODUCTS_DIR; };
		060782B1250CE27700A87020 /* AppDelegate.swift */ = {isa = PBXFileReference; lastKnownFileType = sourcecode.swift; path = AppDelegate.swift; sourceTree = "<group>"; };
		060782B3250CE27700A87020 /* SceneDelegate.swift */ = {isa = PBXFileReference; lastKnownFileType = sourcecode.swift; path = SceneDelegate.swift; sourceTree = "<group>"; };
		060782BA250CE27A00A87020 /* Assets.xcassets */ = {isa = PBXFileReference; lastKnownFileType = folder.assetcatalog; path = Assets.xcassets; sourceTree = "<group>"; };
		060782BD250CE27A00A87020 /* Base */ = {isa = PBXFileReference; lastKnownFileType = file.storyboard; name = Base; path = Base.lproj/LaunchScreen.storyboard; sourceTree = "<group>"; };
		060782BF250CE27A00A87020 /* Info.plist */ = {isa = PBXFileReference; lastKnownFileType = text.plist.xml; path = Info.plist; sourceTree = "<group>"; };
		060782C5250CEB0A00A87020 /* InfoViewController.swift */ = {isa = PBXFileReference; lastKnownFileType = sourcecode.swift; path = InfoViewController.swift; sourceTree = "<group>"; };
		060782C7250CEE5D00A87020 /* PostViewController.swift */ = {isa = PBXFileReference; lastKnownFileType = sourcecode.swift; path = PostViewController.swift; sourceTree = "<group>"; };
		0D6A54A3276FB7450051B19E /* GoogleService-Info.plist */ = {isa = PBXFileReference; fileEncoding = 4; lastKnownFileType = text.plist.xml; path = "GoogleService-Info.plist"; sourceTree = "<group>"; };
		0DA2CB7F28A5BCFE00FE86FF /* AuthModel.swift */ = {isa = PBXFileReference; lastKnownFileType = sourcecode.swift; path = AuthModel.swift; sourceTree = "<group>"; };
		1D4746C93BB52BAC02F2D4CC /* Pods-Navigation.release.xcconfig */ = {isa = PBXFileReference; includeInIndex = 1; lastKnownFileType = text.xcconfig; name = "Pods-Navigation.release.xcconfig"; path = "Target Support Files/Pods-Navigation/Pods-Navigation.release.xcconfig"; sourceTree = "<group>"; };
		6D977D90EF307DC3B46951C1 /* Pods_Navigation.framework */ = {isa = PBXFileReference; explicitFileType = wrapper.framework; includeInIndex = 0; path = Pods_Navigation.framework; sourceTree = BUILT_PRODUCTS_DIR; };
		C32CA0D326C476E900DCBAAE /* String + Chars.swift */ = {isa = PBXFileReference; lastKnownFileType = sourcecode.swift; path = "String + Chars.swift"; sourceTree = "<group>"; };
		C33B2B3226CAE96B00CFD40F /* FeedViewController.swift */ = {isa = PBXFileReference; fileEncoding = 4; lastKnownFileType = sourcecode.swift; path = FeedViewController.swift; sourceTree = "<group>"; };
		C33B2B3D26CC599D00CFD40F /* NetworkManager.swift */ = {isa = PBXFileReference; lastKnownFileType = sourcecode.swift; path = NetworkManager.swift; sourceTree = "<group>"; };
		C33B2B4326D6E3B400CFD40F /* MainCoordinator.swift */ = {isa = PBXFileReference; lastKnownFileType = sourcecode.swift; path = MainCoordinator.swift; sourceTree = "<group>"; };
		C33B2B4926DAA0F100CFD40F /* FeedCoordinator.swift */ = {isa = PBXFileReference; lastKnownFileType = sourcecode.swift; path = FeedCoordinator.swift; sourceTree = "<group>"; };
		C33B2B4D26DAC51900CFD40F /* LoginCoordinator.swift */ = {isa = PBXFileReference; lastKnownFileType = sourcecode.swift; path = LoginCoordinator.swift; sourceTree = "<group>"; };
		C33B2B6026DD712A00CFD40F /* Task.swift */ = {isa = PBXFileReference; fileEncoding = 4; lastKnownFileType = sourcecode.swift; path = Task.swift; sourceTree = "<group>"; };
		C33B2B6426DD7C6200CFD40F /* Constants.swift */ = {isa = PBXFileReference; lastKnownFileType = sourcecode.swift; path = Constants.swift; sourceTree = "<group>"; };
		C33B2B6726DD7F6100CFD40F /* Planet.swift */ = {isa = PBXFileReference; fileEncoding = 4; lastKnownFileType = sourcecode.swift; path = Planet.swift; sourceTree = "<group>"; };
		C35A0A5825FD68AC00F0BB15 /* UIView + Support Functions.swift */ = {isa = PBXFileReference; lastKnownFileType = sourcecode.swift; path = "UIView + Support Functions.swift"; sourceTree = "<group>"; };
		C35A0A5B25FEB16400F0BB15 /* PhotosViewController.swift */ = {isa = PBXFileReference; lastKnownFileType = sourcecode.swift; path = PhotosViewController.swift; sourceTree = "<group>"; };
		C35A0A5E26014C2500F0BB15 /* PhotosCollectionViewCell.swift */ = {isa = PBXFileReference; lastKnownFileType = sourcecode.swift; path = PhotosCollectionViewCell.swift; sourceTree = "<group>"; };
		C368285425F97B7F00FBE667 /* PhotosTableViewCell.swift */ = {isa = PBXFileReference; lastKnownFileType = sourcecode.swift; path = PhotosTableViewCell.swift; sourceTree = "<group>"; };
		C381F57626973F7700E24790 /* MyTextField.swift */ = {isa = PBXFileReference; lastKnownFileType = sourcecode.swift; path = MyTextField.swift; sourceTree = "<group>"; };
		C391B34726E3C66600D7D7DA /* ProfileViewModel.swift */ = {isa = PBXFileReference; lastKnownFileType = sourcecode.swift; path = ProfileViewModel.swift; sourceTree = "<group>"; };
		C391B34D26E3F24100D7D7DA /* ControllerFactory.swift */ = {isa = PBXFileReference; lastKnownFileType = sourcecode.swift; path = ControllerFactory.swift; sourceTree = "<group>"; };
		C3A694CE26BB2E7E00EAAFBA /* BrutForcer.swift */ = {isa = PBXFileReference; lastKnownFileType = sourcecode.swift; path = BrutForcer.swift; sourceTree = "<group>"; };
		C3B65B092685377D0058268C /* StorageService.framework */ = {isa = PBXFileReference; explicitFileType = wrapper.framework; includeInIndex = 0; path = StorageService.framework; sourceTree = BUILT_PRODUCTS_DIR; };
		C3B65B0B2685377D0058268C /* StorageService.h */ = {isa = PBXFileReference; lastKnownFileType = sourcecode.c.h; path = StorageService.h; sourceTree = "<group>"; };
		C3B65B0C2685377D0058268C /* Info.plist */ = {isa = PBXFileReference; lastKnownFileType = text.plist.xml; path = Info.plist; sourceTree = "<group>"; };
		C3B65B192685379C0058268C /* PostData.swift */ = {isa = PBXFileReference; fileEncoding = 4; lastKnownFileType = sourcecode.swift; path = PostData.swift; sourceTree = "<group>"; };
		C3B65B33268759E70058268C /* User.swift */ = {isa = PBXFileReference; lastKnownFileType = sourcecode.swift; path = User.swift; sourceTree = "<group>"; };
		C3B65B36268799640058268C /* UserService.swift */ = {isa = PBXFileReference; lastKnownFileType = sourcecode.swift; path = UserService.swift; sourceTree = "<group>"; };
		C3B65B40268A7DD20058268C /* LoginChecker.swift */ = {isa = PBXFileReference; lastKnownFileType = sourcecode.swift; path = LoginChecker.swift; sourceTree = "<group>"; };
		C3B65B43268B30230058268C /* LoginInspector.swift */ = {isa = PBXFileReference; lastKnownFileType = sourcecode.swift; path = LoginInspector.swift; sourceTree = "<group>"; };
		C3B65B46268FB7600058268C /* LoginFactory.swift */ = {isa = PBXFileReference; lastKnownFileType = sourcecode.swift; path = LoginFactory.swift; sourceTree = "<group>"; };
		C3B65B522693A7050058268C /* MyButton.swift */ = {isa = PBXFileReference; lastKnownFileType = sourcecode.swift; path = MyButton.swift; sourceTree = "<group>"; };
		C3C92C4D25C3551900B8A89D /* LogInViewController.swift */ = {isa = PBXFileReference; lastKnownFileType = sourcecode.swift; path = LogInViewController.swift; sourceTree = "<group>"; };
		C3C92C5C25C8B05500B8A89D /* PostTableViewCell.swift */ = {isa = PBXFileReference; lastKnownFileType = sourcecode.swift; path = PostTableViewCell.swift; sourceTree = "<group>"; };
		C3CE4794269796110000BCC5 /* Model.swift */ = {isa = PBXFileReference; lastKnownFileType = sourcecode.swift; path = Model.swift; sourceTree = "<group>"; };
		C3CE47982699EA6B0000BCC5 /* TabBarController.swift */ = {isa = PBXFileReference; lastKnownFileType = sourcecode.swift; path = TabBarController.swift; sourceTree = "<group>"; };
		C3F4434225B325F7000FBEDA /* ProfileHeaderView.swift */ = {isa = PBXFileReference; lastKnownFileType = sourcecode.swift; path = ProfileHeaderView.swift; sourceTree = "<group>"; };
		C3F4434525B32622000FBEDA /* ProfileViewController.swift */ = {isa = PBXFileReference; lastKnownFileType = sourcecode.swift; path = ProfileViewController.swift; sourceTree = "<group>"; };
		CEDB073AD0218CB66D8DBC51 /* Pods-Navigation.debug.xcconfig */ = {isa = PBXFileReference; includeInIndex = 1; lastKnownFileType = text.xcconfig; name = "Pods-Navigation.debug.xcconfig"; path = "Target Support Files/Pods-Navigation/Pods-Navigation.debug.xcconfig"; sourceTree = "<group>"; };
/* End PBXFileReference section */

/* Begin PBXFrameworksBuildPhase section */
		060782AB250CE27700A87020 /* Frameworks */ = {
			isa = PBXFrameworksBuildPhase;
			buildActionMask = 2147483647;
			files = (
				C3B65B102685377D0058268C /* StorageService.framework in Frameworks */,
				FD1459D0338E724015907796 /* Pods_Navigation.framework in Frameworks */,
				C349F283267E27EA002E64E5 /* iOSIntPackage in Frameworks */,
			);
			runOnlyForDeploymentPostprocessing = 0;
		};
		C3B65B062685377D0058268C /* Frameworks */ = {
			isa = PBXFrameworksBuildPhase;
			buildActionMask = 2147483647;
			files = (
			);
			runOnlyForDeploymentPostprocessing = 0;
		};
/* End PBXFrameworksBuildPhase section */

/* Begin PBXGroup section */
		060782A5250CE27700A87020 = {
			isa = PBXGroup;
			children = (
				060782B0250CE27700A87020 /* Navigation */,
				C3B65B0A2685377D0058268C /* StorageService */,
				060782AF250CE27700A87020 /* Products */,
				561A7B0174A35EDC1FAFDF1C /* Pods */,
				D617F75498DCD89CD8103889 /* Frameworks */,
			);
			sourceTree = "<group>";
		};
		060782AF250CE27700A87020 /* Products */ = {
			isa = PBXGroup;
			children = (
				060782AE250CE27700A87020 /* Navigation.app */,
				C3B65B092685377D0058268C /* StorageService.framework */,
			);
			name = Products;
			sourceTree = "<group>";
		};
		060782B0250CE27700A87020 /* Navigation */ = {
			isa = PBXGroup;
			children = (
				0DA2CB8128A5BD1700FE86FF /* Managers */,
				0DA2CB7B28A5BC6400FE86FF /* UserModel */,
				C391B34626E3C41C00D7D7DA /* ProfileModule */,
				C33B2B4826DAA0C900CFD40F /* Coordinators */,
				C35A0A6326014C5D00F0BB15 /* Controllers */,
				C35A0A6126014C3600F0BB15 /* Views */,
				C35A0A5725FD687A00F0BB15 /* Extensions */,
				060782B1250CE27700A87020 /* AppDelegate.swift */,
				060782B3250CE27700A87020 /* SceneDelegate.swift */,
				060782BA250CE27A00A87020 /* Assets.xcassets */,
				0D6A54A3276FB7450051B19E /* GoogleService-Info.plist */,
				060782BC250CE27A00A87020 /* LaunchScreen.storyboard */,
				060782BF250CE27A00A87020 /* Info.plist */,
				C33B2B6026DD712A00CFD40F /* Task.swift */,
				C33B2B6426DD7C6200CFD40F /* Constants.swift */,
				C33B2B6726DD7F6100CFD40F /* Planet.swift */,
			);
			path = Navigation;
			sourceTree = "<group>";
		};
		0DA2CB7B28A5BC6400FE86FF /* UserModel */ = {
			isa = PBXGroup;
			children = (
				C3B65B33268759E70058268C /* User.swift */,
				C3B65B36268799640058268C /* UserService.swift */,
				C3CE4794269796110000BCC5 /* Model.swift */,
			);
			path = UserModel;
			sourceTree = "<group>";
		};
		0DA2CB8128A5BD1700FE86FF /* Managers */ = {
			isa = PBXGroup;
			children = (
				C3B65B40268A7DD20058268C /* LoginChecker.swift */,
				C3B65B43268B30230058268C /* LoginInspector.swift */,
				C3B65B46268FB7600058268C /* LoginFactory.swift */,
				C3A694CE26BB2E7E00EAAFBA /* BrutForcer.swift */,
				C33B2B3D26CC599D00CFD40F /* NetworkManager.swift */,
				C391B34D26E3F24100D7D7DA /* ControllerFactory.swift */,
				0DA2CB7F28A5BCFE00FE86FF /* AuthModel.swift */,
			);
			path = Managers;
			sourceTree = "<group>";
		};
		561A7B0174A35EDC1FAFDF1C /* Pods */ = {
			isa = PBXGroup;
			children = (
				CEDB073AD0218CB66D8DBC51 /* Pods-Navigation.debug.xcconfig */,
				1D4746C93BB52BAC02F2D4CC /* Pods-Navigation.release.xcconfig */,
			);
			path = Pods;
			sourceTree = "<group>";
		};
		C33B2B4826DAA0C900CFD40F /* Coordinators */ = {
			isa = PBXGroup;
			children = (
				C33B2B4326D6E3B400CFD40F /* MainCoordinator.swift */,
				C33B2B4926DAA0F100CFD40F /* FeedCoordinator.swift */,
				C33B2B4D26DAC51900CFD40F /* LoginCoordinator.swift */,
			);
			path = Coordinators;
			sourceTree = "<group>";
		};
		C35A0A5725FD687A00F0BB15 /* Extensions */ = {
			isa = PBXGroup;
			children = (
				C35A0A5825FD68AC00F0BB15 /* UIView + Support Functions.swift */,
				C32CA0D326C476E900DCBAAE /* String + Chars.swift */,
			);
			path = Extensions;
			sourceTree = "<group>";
		};
		C35A0A6126014C3600F0BB15 /* Views */ = {
			isa = PBXGroup;
			children = (
				C35A0A5E26014C2500F0BB15 /* PhotosCollectionViewCell.swift */,
				C3F4434225B325F7000FBEDA /* ProfileHeaderView.swift */,
				C3C92C5C25C8B05500B8A89D /* PostTableViewCell.swift */,
				C368285425F97B7F00FBE667 /* PhotosTableViewCell.swift */,
				C3B65B522693A7050058268C /* MyButton.swift */,
				C381F57626973F7700E24790 /* MyTextField.swift */,
			);
			path = Views;
			sourceTree = "<group>";
		};
		C35A0A6326014C5D00F0BB15 /* Controllers */ = {
			isa = PBXGroup;
			children = (
				060782C5250CEB0A00A87020 /* InfoViewController.swift */,
				060782C7250CEE5D00A87020 /* PostViewController.swift */,
				C33B2B3226CAE96B00CFD40F /* FeedViewController.swift */,
				C3C92C4D25C3551900B8A89D /* LogInViewController.swift */,
				C35A0A5B25FEB16400F0BB15 /* PhotosViewController.swift */,
				C3F4434525B32622000FBEDA /* ProfileViewController.swift */,
				C3CE47982699EA6B0000BCC5 /* TabBarController.swift */,
			);
			path = Controllers;
			sourceTree = "<group>";
		};
		C391B34626E3C41C00D7D7DA /* ProfileModule */ = {
			isa = PBXGroup;
			children = (
				C391B34726E3C66600D7D7DA /* ProfileViewModel.swift */,
			);
			path = ProfileModule;
			sourceTree = "<group>";
		};
		C3B65B0A2685377D0058268C /* StorageService */ = {
			isa = PBXGroup;
			children = (
				C3B65B192685379C0058268C /* PostData.swift */,
				C3B65B0B2685377D0058268C /* StorageService.h */,
				C3B65B0C2685377D0058268C /* Info.plist */,
			);
			path = StorageService;
			sourceTree = "<group>";
		};
		D617F75498DCD89CD8103889 /* Frameworks */ = {
			isa = PBXGroup;
			children = (
				6D977D90EF307DC3B46951C1 /* Pods_Navigation.framework */,
			);
			name = Frameworks;
			sourceTree = "<group>";
		};
/* End PBXGroup section */

/* Begin PBXHeadersBuildPhase section */
		C3B65B042685377D0058268C /* Headers */ = {
			isa = PBXHeadersBuildPhase;
			buildActionMask = 2147483647;
			files = (
				C3B65B0D2685377D0058268C /* StorageService.h in Headers */,
			);
			runOnlyForDeploymentPostprocessing = 0;
		};
/* End PBXHeadersBuildPhase section */

/* Begin PBXNativeTarget section */
		060782AD250CE27700A87020 /* Navigation */ = {
			isa = PBXNativeTarget;
			buildConfigurationList = 060782C2250CE27A00A87020 /* Build configuration list for PBXNativeTarget "Navigation" */;
			buildPhases = (
				422C85BED2F32E54D19227DB /* [CP] Check Pods Manifest.lock */,
				060782AA250CE27700A87020 /* Sources */,
				060782AB250CE27700A87020 /* Frameworks */,
				060782AC250CE27700A87020 /* Resources */,
				BE58AB0D28336E55AB2903A8 /* [CP] Embed Pods Frameworks */,
				C3B65B122685377D0058268C /* Embed Frameworks */,
			);
			buildRules = (
			);
			dependencies = (
				C3B65B0F2685377D0058268C /* PBXTargetDependency */,
			);
			name = Navigation;
			packageProductDependencies = (
				C349F282267E27EA002E64E5 /* iOSIntPackage */,
			);
			productName = Navigation;
			productReference = 060782AE250CE27700A87020 /* Navigation.app */;
			productType = "com.apple.product-type.application";
		};
		C3B65B082685377D0058268C /* StorageService */ = {
			isa = PBXNativeTarget;
			buildConfigurationList = C3B65B152685377D0058268C /* Build configuration list for PBXNativeTarget "StorageService" */;
			buildPhases = (
				C3B65B042685377D0058268C /* Headers */,
				C3B65B052685377D0058268C /* Sources */,
				C3B65B062685377D0058268C /* Frameworks */,
				C3B65B072685377D0058268C /* Resources */,
			);
			buildRules = (
			);
			dependencies = (
			);
			name = StorageService;
			productName = StorageService;
			productReference = C3B65B092685377D0058268C /* StorageService.framework */;
			productType = "com.apple.product-type.framework";
		};
/* End PBXNativeTarget section */

/* Begin PBXProject section */
		060782A6250CE27700A87020 /* Project object */ = {
			isa = PBXProject;
			attributes = {
				LastSwiftUpdateCheck = 1170;
				LastUpgradeCheck = 1320;
				ORGANIZATIONNAME = "Artem Novichkov";
				TargetAttributes = {
					060782AD250CE27700A87020 = {
						CreatedOnToolsVersion = 11.7;
					};
					C3B65B082685377D0058268C = {
						CreatedOnToolsVersion = 12.4;
						LastSwiftMigration = 1240;
					};
				};
			};
			buildConfigurationList = 060782A9250CE27700A87020 /* Build configuration list for PBXProject "Navigation" */;
			compatibilityVersion = "Xcode 9.3";
			developmentRegion = en;
			hasScannedForEncodings = 0;
			knownRegions = (
				en,
				Base,
			);
			mainGroup = 060782A5250CE27700A87020;
			packageReferences = (
				C349F281267E27EA002E64E5 /* XCRemoteSwiftPackageReference "iOSIntPackage" */,
			);
			productRefGroup = 060782AF250CE27700A87020 /* Products */;
			projectDirPath = "";
			projectRoot = "";
			targets = (
				060782AD250CE27700A87020 /* Navigation */,
				C3B65B082685377D0058268C /* StorageService */,
			);
		};
/* End PBXProject section */

/* Begin PBXResourcesBuildPhase section */
		060782AC250CE27700A87020 /* Resources */ = {
			isa = PBXResourcesBuildPhase;
			buildActionMask = 2147483647;
			files = (
				060782BE250CE27A00A87020 /* LaunchScreen.storyboard in Resources */,
				060782BB250CE27A00A87020 /* Assets.xcassets in Resources */,
				0D6A54A4276FB7450051B19E /* GoogleService-Info.plist in Resources */,
			);
			runOnlyForDeploymentPostprocessing = 0;
		};
		C3B65B072685377D0058268C /* Resources */ = {
			isa = PBXResourcesBuildPhase;
			buildActionMask = 2147483647;
			files = (
			);
			runOnlyForDeploymentPostprocessing = 0;
		};
/* End PBXResourcesBuildPhase section */

/* Begin PBXShellScriptBuildPhase section */
		422C85BED2F32E54D19227DB /* [CP] Check Pods Manifest.lock */ = {
			isa = PBXShellScriptBuildPhase;
			buildActionMask = 2147483647;
			files = (
			);
			inputFileListPaths = (
			);
			inputPaths = (
				"${PODS_PODFILE_DIR_PATH}/Podfile.lock",
				"${PODS_ROOT}/Manifest.lock",
			);
			name = "[CP] Check Pods Manifest.lock";
			outputFileListPaths = (
			);
			outputPaths = (
				"$(DERIVED_FILE_DIR)/Pods-Navigation-checkManifestLockResult.txt",
			);
			runOnlyForDeploymentPostprocessing = 0;
			shellPath = /bin/sh;
			shellScript = "diff \"${PODS_PODFILE_DIR_PATH}/Podfile.lock\" \"${PODS_ROOT}/Manifest.lock\" > /dev/null\nif [ $? != 0 ] ; then\n    # print error to STDERR\n    echo \"error: The sandbox is not in sync with the Podfile.lock. Run 'pod install' or update your CocoaPods installation.\" >&2\n    exit 1\nfi\n# This output is used by Xcode 'outputs' to avoid re-running this script phase.\necho \"SUCCESS\" > \"${SCRIPT_OUTPUT_FILE_0}\"\n";
			showEnvVarsInLog = 0;
		};
		BE58AB0D28336E55AB2903A8 /* [CP] Embed Pods Frameworks */ = {
			isa = PBXShellScriptBuildPhase;
			buildActionMask = 2147483647;
			files = (
			);
			inputFileListPaths = (
				"${PODS_ROOT}/Target Support Files/Pods-Navigation/Pods-Navigation-frameworks-${CONFIGURATION}-input-files.xcfilelist",
			);
			name = "[CP] Embed Pods Frameworks";
			outputFileListPaths = (
				"${PODS_ROOT}/Target Support Files/Pods-Navigation/Pods-Navigation-frameworks-${CONFIGURATION}-output-files.xcfilelist",
			);
			runOnlyForDeploymentPostprocessing = 0;
			shellPath = /bin/sh;
			shellScript = "\"${PODS_ROOT}/Target Support Files/Pods-Navigation/Pods-Navigation-frameworks.sh\"\n";
			showEnvVarsInLog = 0;
		};
/* End PBXShellScriptBuildPhase section */

/* Begin PBXSourcesBuildPhase section */
		060782AA250CE27700A87020 /* Sources */ = {
			isa = PBXSourcesBuildPhase;
			buildActionMask = 2147483647;
			files = (
				060782B2250CE27700A87020 /* AppDelegate.swift in Sources */,
				C35A0A5925FD68AC00F0BB15 /* UIView + Support Functions.swift in Sources */,
				C3C92C4E25C3551900B8A89D /* LogInViewController.swift in Sources */,
				C3CE47992699EA6B0000BCC5 /* TabBarController.swift in Sources */,
				C3A694CF26BB2E7E00EAAFBA /* BrutForcer.swift in Sources */,
				060782C6250CEB0A00A87020 /* InfoViewController.swift in Sources */,
				C391B34826E3C66600D7D7DA /* ProfileViewModel.swift in Sources */,
				C33B2B4E26DAC51900CFD40F /* LoginCoordinator.swift in Sources */,
				C3B65B37268799640058268C /* UserService.swift in Sources */,
				C3B65B532693A7050058268C /* MyButton.swift in Sources */,
				C33B2B6126DD712A00CFD40F /* Task.swift in Sources */,
				C3B65B44268B30230058268C /* LoginInspector.swift in Sources */,
				C391B34E26E3F24100D7D7DA /* ControllerFactory.swift in Sources */,
				C3F4434325B325F7000FBEDA /* ProfileHeaderView.swift in Sources */,
				C33B2B6826DD7F6100CFD40F /* Planet.swift in Sources */,
				C3B65B41268A7DD20058268C /* LoginChecker.swift in Sources */,
				C35A0A5C25FEB16400F0BB15 /* PhotosViewController.swift in Sources */,
				C3B65B34268759E70058268C /* User.swift in Sources */,
				C33B2B4426D6E3B400CFD40F /* MainCoordinator.swift in Sources */,
				060782B4250CE27700A87020 /* SceneDelegate.swift in Sources */,
				C368285525F97B7F00FBE667 /* PhotosTableViewCell.swift in Sources */,
				C381F57726973F7700E24790 /* MyTextField.swift in Sources */,
				C3F4434625B32622000FBEDA /* ProfileViewController.swift in Sources */,
				C3B65B47268FB7600058268C /* LoginFactory.swift in Sources */,
				C35A0A5F26014C2500F0BB15 /* PhotosCollectionViewCell.swift in Sources */,
				C3CE4795269796110000BCC5 /* Model.swift in Sources */,
				060782C8250CEE5D00A87020 /* PostViewController.swift in Sources */,
				0DA2CB8028A5BCFE00FE86FF /* AuthModel.swift in Sources */,
				C33B2B4A26DAA0F100CFD40F /* FeedCoordinator.swift in Sources */,
				C33B2B3326CAE96B00CFD40F /* FeedViewController.swift in Sources */,
				C33B2B3E26CC599D00CFD40F /* NetworkManager.swift in Sources */,
				C32CA0D426C476E900DCBAAE /* String + Chars.swift in Sources */,
				C3C92C5D25C8B05500B8A89D /* PostTableViewCell.swift in Sources */,
				C33B2B6526DD7C6200CFD40F /* Constants.swift in Sources */,
			);
			runOnlyForDeploymentPostprocessing = 0;
		};
		C3B65B052685377D0058268C /* Sources */ = {
			isa = PBXSourcesBuildPhase;
			buildActionMask = 2147483647;
			files = (
				C3B65B30268759320058268C /* PostData.swift in Sources */,
			);
			runOnlyForDeploymentPostprocessing = 0;
		};
/* End PBXSourcesBuildPhase section */

/* Begin PBXTargetDependency section */
		C3B65B0F2685377D0058268C /* PBXTargetDependency */ = {
			isa = PBXTargetDependency;
			target = C3B65B082685377D0058268C /* StorageService */;
			targetProxy = C3B65B0E2685377D0058268C /* PBXContainerItemProxy */;
		};
/* End PBXTargetDependency section */

/* Begin PBXVariantGroup section */
		060782BC250CE27A00A87020 /* LaunchScreen.storyboard */ = {
			isa = PBXVariantGroup;
			children = (
				060782BD250CE27A00A87020 /* Base */,
			);
			name = LaunchScreen.storyboard;
			sourceTree = "<group>";
		};
/* End PBXVariantGroup section */

/* Begin XCBuildConfiguration section */
		060782C0250CE27A00A87020 /* Debug */ = {
			isa = XCBuildConfiguration;
			buildSettings = {
				ALWAYS_SEARCH_USER_PATHS = NO;
				CLANG_ANALYZER_NONNULL = YES;
				CLANG_ANALYZER_NUMBER_OBJECT_CONVERSION = YES_AGGRESSIVE;
				CLANG_CXX_LANGUAGE_STANDARD = "gnu++14";
				CLANG_CXX_LIBRARY = "libc++";
				CLANG_ENABLE_MODULES = YES;
				CLANG_ENABLE_OBJC_ARC = YES;
				CLANG_ENABLE_OBJC_WEAK = YES;
				CLANG_WARN_BLOCK_CAPTURE_AUTORELEASING = YES;
				CLANG_WARN_BOOL_CONVERSION = YES;
				CLANG_WARN_COMMA = YES;
				CLANG_WARN_CONSTANT_CONVERSION = YES;
				CLANG_WARN_DEPRECATED_OBJC_IMPLEMENTATIONS = YES;
				CLANG_WARN_DIRECT_OBJC_ISA_USAGE = YES_ERROR;
				CLANG_WARN_DOCUMENTATION_COMMENTS = YES;
				CLANG_WARN_EMPTY_BODY = YES;
				CLANG_WARN_ENUM_CONVERSION = YES;
				CLANG_WARN_INFINITE_RECURSION = YES;
				CLANG_WARN_INT_CONVERSION = YES;
				CLANG_WARN_NON_LITERAL_NULL_CONVERSION = YES;
				CLANG_WARN_OBJC_IMPLICIT_RETAIN_SELF = YES;
				CLANG_WARN_OBJC_LITERAL_CONVERSION = YES;
				CLANG_WARN_OBJC_ROOT_CLASS = YES_ERROR;
				CLANG_WARN_QUOTED_INCLUDE_IN_FRAMEWORK_HEADER = YES;
				CLANG_WARN_RANGE_LOOP_ANALYSIS = YES;
				CLANG_WARN_STRICT_PROTOTYPES = YES;
				CLANG_WARN_SUSPICIOUS_MOVE = YES;
				CLANG_WARN_UNGUARDED_AVAILABILITY = YES_AGGRESSIVE;
				CLANG_WARN_UNREACHABLE_CODE = YES;
				CLANG_WARN__DUPLICATE_METHOD_MATCH = YES;
				COPY_PHASE_STRIP = NO;
				DEBUG_INFORMATION_FORMAT = dwarf;
				ENABLE_STRICT_OBJC_MSGSEND = YES;
				ENABLE_TESTABILITY = YES;
				GCC_C_LANGUAGE_STANDARD = gnu11;
				GCC_DYNAMIC_NO_PIC = NO;
				GCC_NO_COMMON_BLOCKS = YES;
				GCC_OPTIMIZATION_LEVEL = 0;
				GCC_PREPROCESSOR_DEFINITIONS = (
					"DEBUG=1",
					"$(inherited)",
				);
				GCC_WARN_64_TO_32_BIT_CONVERSION = YES;
				GCC_WARN_ABOUT_RETURN_TYPE = YES_ERROR;
				GCC_WARN_UNDECLARED_SELECTOR = YES;
				GCC_WARN_UNINITIALIZED_AUTOS = YES_AGGRESSIVE;
				GCC_WARN_UNUSED_FUNCTION = YES;
				GCC_WARN_UNUSED_VARIABLE = YES;
				IPHONEOS_DEPLOYMENT_TARGET = 13.7;
				MTL_ENABLE_DEBUG_INFO = INCLUDE_SOURCE;
				MTL_FAST_MATH = YES;
				ONLY_ACTIVE_ARCH = YES;
				SDKROOT = iphoneos;
				SWIFT_ACTIVE_COMPILATION_CONDITIONS = DEBUG;
				SWIFT_OPTIMIZATION_LEVEL = "-Onone";
			};
			name = Debug;
		};
		060782C1250CE27A00A87020 /* Release */ = {
			isa = XCBuildConfiguration;
			buildSettings = {
				ALWAYS_SEARCH_USER_PATHS = NO;
				CLANG_ANALYZER_NONNULL = YES;
				CLANG_ANALYZER_NUMBER_OBJECT_CONVERSION = YES_AGGRESSIVE;
				CLANG_CXX_LANGUAGE_STANDARD = "gnu++14";
				CLANG_CXX_LIBRARY = "libc++";
				CLANG_ENABLE_MODULES = YES;
				CLANG_ENABLE_OBJC_ARC = YES;
				CLANG_ENABLE_OBJC_WEAK = YES;
				CLANG_WARN_BLOCK_CAPTURE_AUTORELEASING = YES;
				CLANG_WARN_BOOL_CONVERSION = YES;
				CLANG_WARN_COMMA = YES;
				CLANG_WARN_CONSTANT_CONVERSION = YES;
				CLANG_WARN_DEPRECATED_OBJC_IMPLEMENTATIONS = YES;
				CLANG_WARN_DIRECT_OBJC_ISA_USAGE = YES_ERROR;
				CLANG_WARN_DOCUMENTATION_COMMENTS = YES;
				CLANG_WARN_EMPTY_BODY = YES;
				CLANG_WARN_ENUM_CONVERSION = YES;
				CLANG_WARN_INFINITE_RECURSION = YES;
				CLANG_WARN_INT_CONVERSION = YES;
				CLANG_WARN_NON_LITERAL_NULL_CONVERSION = YES;
				CLANG_WARN_OBJC_IMPLICIT_RETAIN_SELF = YES;
				CLANG_WARN_OBJC_LITERAL_CONVERSION = YES;
				CLANG_WARN_OBJC_ROOT_CLASS = YES_ERROR;
				CLANG_WARN_QUOTED_INCLUDE_IN_FRAMEWORK_HEADER = YES;
				CLANG_WARN_RANGE_LOOP_ANALYSIS = YES;
				CLANG_WARN_STRICT_PROTOTYPES = YES;
				CLANG_WARN_SUSPICIOUS_MOVE = YES;
				CLANG_WARN_UNGUARDED_AVAILABILITY = YES_AGGRESSIVE;
				CLANG_WARN_UNREACHABLE_CODE = YES;
				CLANG_WARN__DUPLICATE_METHOD_MATCH = YES;
				COPY_PHASE_STRIP = NO;
				DEBUG_INFORMATION_FORMAT = "dwarf-with-dsym";
				ENABLE_NS_ASSERTIONS = NO;
				ENABLE_STRICT_OBJC_MSGSEND = YES;
				GCC_C_LANGUAGE_STANDARD = gnu11;
				GCC_NO_COMMON_BLOCKS = YES;
				GCC_WARN_64_TO_32_BIT_CONVERSION = YES;
				GCC_WARN_ABOUT_RETURN_TYPE = YES_ERROR;
				GCC_WARN_UNDECLARED_SELECTOR = YES;
				GCC_WARN_UNINITIALIZED_AUTOS = YES_AGGRESSIVE;
				GCC_WARN_UNUSED_FUNCTION = YES;
				GCC_WARN_UNUSED_VARIABLE = YES;
				IPHONEOS_DEPLOYMENT_TARGET = 13.7;
				MTL_ENABLE_DEBUG_INFO = NO;
				MTL_FAST_MATH = YES;
				SDKROOT = iphoneos;
				SWIFT_ACTIVE_COMPILATION_CONDITIONS = RELEASE;
				SWIFT_COMPILATION_MODE = wholemodule;
				SWIFT_OPTIMIZATION_LEVEL = "-O";
				VALIDATE_PRODUCT = YES;
			};
			name = Release;
		};
		060782C3250CE27A00A87020 /* Debug */ = {
			isa = XCBuildConfiguration;
			baseConfigurationReference = CEDB073AD0218CB66D8DBC51 /* Pods-Navigation.debug.xcconfig */;
			buildSettings = {
				ALWAYS_EMBED_SWIFT_STANDARD_LIBRARIES = YES;
				ASSETCATALOG_COMPILER_APPICON_NAME = AppIcon;
				CODE_SIGN_STYLE = Automatic;
				DEVELOPMENT_TEAM = 79RZ866842;
				INFOPLIST_FILE = Navigation/Info.plist;
				IPHONEOS_DEPLOYMENT_TARGET = 14.4;
				LD_RUNPATH_SEARCH_PATHS = (
					"$(inherited)",
					"@executable_path/Frameworks",
				);
				PRODUCT_BUNDLE_IDENTIFIER = com.artemnovichkov.Navigation;
				PRODUCT_NAME = "$(TARGET_NAME)";
				SWIFT_VERSION = 5.0;
				TARGETED_DEVICE_FAMILY = "1,2";
			};
			name = Debug;
		};
		060782C4250CE27A00A87020 /* Release */ = {
			isa = XCBuildConfiguration;
			baseConfigurationReference = 1D4746C93BB52BAC02F2D4CC /* Pods-Navigation.release.xcconfig */;
			buildSettings = {
				ALWAYS_EMBED_SWIFT_STANDARD_LIBRARIES = YES;
				ASSETCATALOG_COMPILER_APPICON_NAME = AppIcon;
				CODE_SIGN_STYLE = Automatic;
				DEVELOPMENT_TEAM = 79RZ866842;
				INFOPLIST_FILE = Navigation/Info.plist;
				IPHONEOS_DEPLOYMENT_TARGET = 14.4;
				LD_RUNPATH_SEARCH_PATHS = (
					"$(inherited)",
					"@executable_path/Frameworks",
				);
				PRODUCT_BUNDLE_IDENTIFIER = com.artemnovichkov.Navigation;
				PRODUCT_NAME = "$(TARGET_NAME)";
				SWIFT_VERSION = 5.0;
				TARGETED_DEVICE_FAMILY = "1,2";
			};
			name = Release;
		};
		C3B65B132685377D0058268C /* Debug */ = {
			isa = XCBuildConfiguration;
			buildSettings = {
				CLANG_ENABLE_MODULES = YES;
				CLANG_WARN_QUOTED_INCLUDE_IN_FRAMEWORK_HEADER = YES;
				CODE_SIGN_STYLE = Automatic;
				CURRENT_PROJECT_VERSION = 1;
				DEFINES_MODULE = YES;
				DEVELOPMENT_TEAM = 79RZ866842;
				DYLIB_COMPATIBILITY_VERSION = 1;
				DYLIB_CURRENT_VERSION = 1;
				DYLIB_INSTALL_NAME_BASE = "@rpath";
				INFOPLIST_FILE = StorageService/Info.plist;
				INSTALL_PATH = "$(LOCAL_LIBRARY_DIR)/Frameworks";
				IPHONEOS_DEPLOYMENT_TARGET = 14.4;
				LD_RUNPATH_SEARCH_PATHS = (
					"$(inherited)",
					"@executable_path/Frameworks",
					"@loader_path/Frameworks",
				);
				PRODUCT_BUNDLE_IDENTIFIER = dima.gorbachev.StorageService;
				PRODUCT_NAME = "$(TARGET_NAME:c99extidentifier)";
				SKIP_INSTALL = YES;
				SWIFT_OPTIMIZATION_LEVEL = "-Onone";
				SWIFT_VERSION = 5.0;
				TARGETED_DEVICE_FAMILY = "1,2";
				VERSIONING_SYSTEM = "apple-generic";
				VERSION_INFO_PREFIX = "";
			};
			name = Debug;
		};
		C3B65B142685377D0058268C /* Release */ = {
			isa = XCBuildConfiguration;
			buildSettings = {
				CLANG_ENABLE_MODULES = YES;
				CLANG_WARN_QUOTED_INCLUDE_IN_FRAMEWORK_HEADER = YES;
				CODE_SIGN_STYLE = Automatic;
				CURRENT_PROJECT_VERSION = 1;
				DEFINES_MODULE = YES;
				DEVELOPMENT_TEAM = 79RZ866842;
				DYLIB_COMPATIBILITY_VERSION = 1;
				DYLIB_CURRENT_VERSION = 1;
				DYLIB_INSTALL_NAME_BASE = "@rpath";
				INFOPLIST_FILE = StorageService/Info.plist;
				INSTALL_PATH = "$(LOCAL_LIBRARY_DIR)/Frameworks";
				IPHONEOS_DEPLOYMENT_TARGET = 14.4;
				LD_RUNPATH_SEARCH_PATHS = (
					"$(inherited)",
					"@executable_path/Frameworks",
					"@loader_path/Frameworks",
				);
				PRODUCT_BUNDLE_IDENTIFIER = dima.gorbachev.StorageService;
				PRODUCT_NAME = "$(TARGET_NAME:c99extidentifier)";
				SKIP_INSTALL = YES;
				SWIFT_VERSION = 5.0;
				TARGETED_DEVICE_FAMILY = "1,2";
				VERSIONING_SYSTEM = "apple-generic";
				VERSION_INFO_PREFIX = "";
			};
			name = Release;
		};
/* End XCBuildConfiguration section */

/* Begin XCConfigurationList section */
		060782A9250CE27700A87020 /* Build configuration list for PBXProject "Navigation" */ = {
			isa = XCConfigurationList;
			buildConfigurations = (
				060782C0250CE27A00A87020 /* Debug */,
				060782C1250CE27A00A87020 /* Release */,
			);
			defaultConfigurationIsVisible = 0;
			defaultConfigurationName = Release;
		};
		060782C2250CE27A00A87020 /* Build configuration list for PBXNativeTarget "Navigation" */ = {
			isa = XCConfigurationList;
			buildConfigurations = (
				060782C3250CE27A00A87020 /* Debug */,
				060782C4250CE27A00A87020 /* Release */,
			);
			defaultConfigurationIsVisible = 0;
			defaultConfigurationName = Release;
		};
		C3B65B152685377D0058268C /* Build configuration list for PBXNativeTarget "StorageService" */ = {
			isa = XCConfigurationList;
			buildConfigurations = (
				C3B65B132685377D0058268C /* Debug */,
				C3B65B142685377D0058268C /* Release */,
			);
			defaultConfigurationIsVisible = 0;
			defaultConfigurationName = Release;
		};
/* End XCConfigurationList section */

/* Begin XCRemoteSwiftPackageReference section */
		C349F281267E27EA002E64E5 /* XCRemoteSwiftPackageReference "iOSIntPackage" */ = {
			isa = XCRemoteSwiftPackageReference;
			repositoryURL = "https://github.com/TrueMax/iOSIntPackage";
			requirement = {
				kind = upToNextMajorVersion;
				minimumVersion = 3.2.3;
			};
		};
/* End XCRemoteSwiftPackageReference section */

/* Begin XCSwiftPackageProductDependency section */
		C349F282267E27EA002E64E5 /* iOSIntPackage */ = {
			isa = XCSwiftPackageProductDependency;
			package = C349F281267E27EA002E64E5 /* XCRemoteSwiftPackageReference "iOSIntPackage" */;
			productName = iOSIntPackage;
		};
/* End XCSwiftPackageProductDependency section */
	};
	rootObject = 060782A6250CE27700A87020 /* Project object */;
}
